
Microsoft Visual Studio Solution File, Format Version 12.00
# Visual Studio Version 16
VisualStudioVersion = 16.0.29926.136
MinimumVisualStudioVersion = 10.0.40219.1
Project("{9A19103F-16F7-4668-BE54-9A1E7A4F7556}") = "AuthenticationApplication", "AuthenticationApplication\AuthenticationApplication.csproj", "{F639B859-C73C-4282-A95D-2DCF9AA741E6}"
EndProject
Project("{9A19103F-16F7-4668-BE54-9A1E7A4F7556}") = "AuthenticationAppTest", "AuthenticationAppTest\AuthenticationAppTest.csproj", "{94468EB7-FEFA-4D37-9717-03AA36477955}"
EndProject
Global
	GlobalSection(SolutionConfigurationPlatforms) = preSolution
		Debug|Any CPU = Debug|Any CPU
		Release|Any CPU = Release|Any CPU
	EndGlobalSection
	GlobalSection(ProjectConfigurationPlatforms) = postSolution
		{F639B859-C73C-4282-A95D-2DCF9AA741E6}.Debug|Any CPU.ActiveCfg = Debug|Any CPU
		{F639B859-C73C-4282-A95D-2DCF9AA741E6}.Debug|Any CPU.Build.0 = Debug|Any CPU
		{F639B859-C73C-4282-A95D-2DCF9AA741E6}.Release|Any CPU.ActiveCfg = Release|Any CPU
		{F639B859-C73C-4282-A95D-2DCF9AA741E6}.Release|Any CPU.Build.0 = Release|Any CPU
		{94468EB7-FEFA-4D37-9717-03AA36477955}.Debug|Any CPU.ActiveCfg = Debug|Any CPU
		{94468EB7-FEFA-4D37-9717-03AA36477955}.Debug|Any CPU.Build.0 = Debug|Any CPU
		{94468EB7-FEFA-4D37-9717-03AA36477955}.Release|Any CPU.ActiveCfg = Release|Any CPU
		{94468EB7-FEFA-4D37-9717-03AA36477955}.Release|Any CPU.Build.0 = Release|Any CPU
	EndGlobalSection
	GlobalSection(SolutionProperties) = preSolution
		HideSolutionNode = FALSE
	EndGlobalSection
	GlobalSection(ExtensibilityGlobals) = postSolution
		SolutionGuid = {CA966536-D837-4C13-8530-7E7722917ED5}
	EndGlobalSection
EndGlobal
